// !$*UTF8*$!
{
	archiveVersion = 1;
	classes = {
	};
	objectVersion = 46;
	objects = {

/* Begin PBXBuildFile section */
		384BBBB41BCE301900D0B592 /* main.cpp in Sources */ = {isa = PBXBuildFile; fileRef = 384BBBB31BCE301900D0B592 /* main.cpp */; };
		386045B71BCE227A00BC9D97 /* data in Resources */ = {isa = PBXBuildFile; fileRef = 386045B61BCE227A00BC9D97 /* data */; };
		386614401BCF771600643DB9 /* CoreImage.framework in Frameworks */ = {isa = PBXBuildFile; fileRef = 3866143F1BCF771600643DB9 /* CoreImage.framework */; };
		386614421BCF775200643DB9 /* ImageIO.framework in Frameworks */ = {isa = PBXBuildFile; fileRef = 386614411BCF775200643DB9 /* ImageIO.framework */; };
		386614441BCF778100643DB9 /* MobileCoreServices.framework in Frameworks */ = {isa = PBXBuildFile; fileRef = 386614431BCF778100643DB9 /* MobileCoreServices.framework */; };
		386D38B21C33AE1A00769F0E /* libSDL2_image.a in Frameworks */ = {isa = PBXBuildFile; fileRef = 386D38A41C33AE0300769F0E /* libSDL2_image.a */; };
		386D38B31C33AE1A00769F0E /* libSDL2_ttf.a in Frameworks */ = {isa = PBXBuildFile; fileRef = 386D38AB1C33AE0B00769F0E /* libSDL2_ttf.a */; };
		386D38B41C33AE1A00769F0E /* libSDL2.a in Frameworks */ = {isa = PBXBuildFile; fileRef = 386D389E1C33ADF800769F0E /* libSDL2.a */; };
		386D38C41C33AE3E00769F0E /* GUI_BasicWidgets.cpp in Sources */ = {isa = PBXBuildFile; fileRef = 386D38B61C33AE3E00769F0E /* GUI_BasicWidgets.cpp */; };
		386D38C51C33AE3E00769F0E /* GUI_MainWin.cpp in Sources */ = {isa = PBXBuildFile; fileRef = 386D38B81C33AE3E00769F0E /* GUI_MainWin.cpp */; };
		386D38C61C33AE3E00769F0E /* GUI_TopWin.cpp in Sources */ = {isa = PBXBuildFile; fileRef = 386D38BA1C33AE3E00769F0E /* GUI_TopWin.cpp */; };
		386D38C71C33AE3E00769F0E /* GUI_utils.cpp in Sources */ = {isa = PBXBuildFile; fileRef = 386D38BC1C33AE3E00769F0E /* GUI_utils.cpp */; };
		386D38C81C33AE3E00769F0E /* GUI_WinBase.cpp in Sources */ = {isa = PBXBuildFile; fileRef = 386D38BE1C33AE3E00769F0E /* GUI_WinBase.cpp */; };
		386D38C91C33AE3E00769F0E /* SDL_gui.cpp in Sources */ = {isa = PBXBuildFile; fileRef = 386D38C11C33AE3E00769F0E /* SDL_gui.cpp */; };
		38CA5CAC1BCCAF2B0099BC3B /* Assets.xcassets in Resources */ = {isa = PBXBuildFile; fileRef = 38CA5CAB1BCCAF2B0099BC3B /* Assets.xcassets */; };
		38CA5CAF1BCCAF2B0099BC3B /* LaunchScreen.storyboard in Resources */ = {isa = PBXBuildFile; fileRef = 38CA5CAD1BCCAF2B0099BC3B /* LaunchScreen.storyboard */; };
		38CA5CCB1BCCAFEB0099BC3B /* AudioToolbox.framework in Frameworks */ = {isa = PBXBuildFile; fileRef = 38CA5CC21BCCAFEB0099BC3B /* AudioToolbox.framework */; };
		38CA5CCC1BCCAFEB0099BC3B /* CoreAudio.framework in Frameworks */ = {isa = PBXBuildFile; fileRef = 38CA5CC31BCCAFEB0099BC3B /* CoreAudio.framework */; };
		38CA5CCD1BCCAFEB0099BC3B /* CoreGraphics.framework in Frameworks */ = {isa = PBXBuildFile; fileRef = 38CA5CC41BCCAFEB0099BC3B /* CoreGraphics.framework */; };
		38CA5CCE1BCCAFEB0099BC3B /* CoreMotion.framework in Frameworks */ = {isa = PBXBuildFile; fileRef = 38CA5CC51BCCAFEB0099BC3B /* CoreMotion.framework */; };
		38CA5CCF1BCCAFEB0099BC3B /* Foundation.framework in Frameworks */ = {isa = PBXBuildFile; fileRef = 38CA5CC61BCCAFEB0099BC3B /* Foundation.framework */; };
		38CA5CD01BCCAFEB0099BC3B /* GameController.framework in Frameworks */ = {isa = PBXBuildFile; fileRef = 38CA5CC71BCCAFEB0099BC3B /* GameController.framework */; };
		38CA5CD11BCCAFEB0099BC3B /* OpenGLES.framework in Frameworks */ = {isa = PBXBuildFile; fileRef = 38CA5CC81BCCAFEB0099BC3B /* OpenGLES.framework */; };
		38CA5CD21BCCAFEB0099BC3B /* QuartzCore.framework in Frameworks */ = {isa = PBXBuildFile; fileRef = 38CA5CC91BCCAFEB0099BC3B /* QuartzCore.framework */; };
		38CA5CD31BCCAFEB0099BC3B /* UIKit.framework in Frameworks */ = {isa = PBXBuildFile; fileRef = 38CA5CCA1BCCAFEB0099BC3B /* UIKit.framework */; };
/* End PBXBuildFile section */

/* Begin PBXContainerItemProxy section */
		386D389D1C33ADF800769F0E /* PBXContainerItemProxy */ = {
			isa = PBXContainerItemProxy;
			containerPortal = 386D38981C33ADF800769F0E /* SDL.xcodeproj */;
			proxyType = 2;
			remoteGlobalIDString = FD6526630DE8FCCB002AD96B;
			remoteInfo = libSDL;
		};
		386D38A31C33AE0300769F0E /* PBXContainerItemProxy */ = {
			isa = PBXContainerItemProxy;
			containerPortal = 386D389F1C33AE0200769F0E /* SDL_image.xcodeproj */;
			proxyType = 2;
			remoteGlobalIDString = BE1FA74107AF4C45004B6283;
			remoteInfo = libSDL_image;
		};
		386D38AA1C33AE0B00769F0E /* PBXContainerItemProxy */ = {
			isa = PBXContainerItemProxy;
			containerPortal = 386D38A61C33AE0B00769F0E /* SDL_ttf.xcodeproj */;
			proxyType = 2;
			remoteGlobalIDString = BE48FD6E07AFA17000BB41DA;
			remoteInfo = "Static Library";
		};
		386D38AC1C33AE1400769F0E /* PBXContainerItemProxy */ = {
			isa = PBXContainerItemProxy;
			containerPortal = 386D38A61C33AE0B00769F0E /* SDL_ttf.xcodeproj */;
			proxyType = 1;
			remoteGlobalIDString = BE48FD6807AFA17000BB41DA;
			remoteInfo = "Static Library";
		};
		386D38AE1C33AE1400769F0E /* PBXContainerItemProxy */ = {
			isa = PBXContainerItemProxy;
			containerPortal = 386D389F1C33AE0200769F0E /* SDL_image.xcodeproj */;
			proxyType = 1;
			remoteGlobalIDString = BE1FA72F07AF4C45004B6283;
			remoteInfo = libSDL_image;
		};
		386D38B01C33AE1400769F0E /* PBXContainerItemProxy */ = {
			isa = PBXContainerItemProxy;
			containerPortal = 386D38981C33ADF800769F0E /* SDL.xcodeproj */;
			proxyType = 1;
			remoteGlobalIDString = FD6526620DE8FCCB002AD96B;
			remoteInfo = libSDL;
		};
/* End PBXContainerItemProxy section */

/* Begin PBXFileReference section */
		384BBBB31BCE301900D0B592 /* main.cpp */ = {isa = PBXFileReference; fileEncoding = 4; lastKnownFileType = sourcecode.cpp.cpp; path = main.cpp; sourceTree = "<group>"; };
		386045B61BCE227A00BC9D97 /* data */ = {isa = PBXFileReference; lastKnownFileType = folder; name = data; path = ../data; sourceTree = "<group>"; };
		3866143F1BCF771600643DB9 /* CoreImage.framework */ = {isa = PBXFileReference; lastKnownFileType = wrapper.framework; name = CoreImage.framework; path = System/Library/Frameworks/CoreImage.framework; sourceTree = SDKROOT; };
		386614411BCF775200643DB9 /* ImageIO.framework */ = {isa = PBXFileReference; lastKnownFileType = wrapper.framework; name = ImageIO.framework; path = System/Library/Frameworks/ImageIO.framework; sourceTree = SDKROOT; };
		386614431BCF778100643DB9 /* MobileCoreServices.framework */ = {isa = PBXFileReference; lastKnownFileType = wrapper.framework; name = MobileCoreServices.framework; path = System/Library/Frameworks/MobileCoreServices.framework; sourceTree = SDKROOT; };
		386D38981C33ADF800769F0E /* SDL.xcodeproj */ = {isa = PBXFileReference; lastKnownFileType = "wrapper.pb-project"; name = SDL.xcodeproj; path = "../../../../SDL/Xcode-iOS/SDL/SDL.xcodeproj"; sourceTree = "<group>"; };
		386D389F1C33AE0200769F0E /* SDL_image.xcodeproj */ = {isa = PBXFileReference; lastKnownFileType = "wrapper.pb-project"; name = SDL_image.xcodeproj; path = "../../../../SDL_image/Xcode-iOS/SDL_image.xcodeproj"; sourceTree = "<group>"; };
		386D38A61C33AE0B00769F0E /* SDL_ttf.xcodeproj */ = {isa = PBXFileReference; lastKnownFileType = "wrapper.pb-project"; path = SDL_ttf.xcodeproj; sourceTree = "<group>"; };
		386D38B61C33AE3E00769F0E /* GUI_BasicWidgets.cpp */ = {isa = PBXFileReference; fileEncoding = 4; lastKnownFileType = sourcecode.cpp.cpp; path = GUI_BasicWidgets.cpp; sourceTree = "<group>"; };
		386D38B71C33AE3E00769F0E /* GUI_BasicWidgets.h */ = {isa = PBXFileReference; fileEncoding = 4; lastKnownFileType = sourcecode.c.h; path = GUI_BasicWidgets.h; sourceTree = "<group>"; };
		386D38B81C33AE3E00769F0E /* GUI_MainWin.cpp */ = {isa = PBXFileReference; fileEncoding = 4; lastKnownFileType = sourcecode.cpp.cpp; path = GUI_MainWin.cpp; sourceTree = "<group>"; };
		386D38B91C33AE3E00769F0E /* GUI_MainWin.h */ = {isa = PBXFileReference; fileEncoding = 4; lastKnownFileType = sourcecode.c.h; path = GUI_MainWin.h; sourceTree = "<group>"; };
		386D38BA1C33AE3E00769F0E /* GUI_TopWin.cpp */ = {isa = PBXFileReference; fileEncoding = 4; lastKnownFileType = sourcecode.cpp.cpp; path = GUI_TopWin.cpp; sourceTree = "<group>"; };
		386D38BB1C33AE3E00769F0E /* GUI_TopWin.h */ = {isa = PBXFileReference; fileEncoding = 4; lastKnownFileType = sourcecode.c.h; path = GUI_TopWin.h; sourceTree = "<group>"; };
		386D38BC1C33AE3E00769F0E /* GUI_utils.cpp */ = {isa = PBXFileReference; fileEncoding = 4; lastKnownFileType = sourcecode.cpp.cpp; path = GUI_utils.cpp; sourceTree = "<group>"; };
		386D38BD1C33AE3E00769F0E /* GUI_utils.h */ = {isa = PBXFileReference; fileEncoding = 4; lastKnownFileType = sourcecode.c.h; path = GUI_utils.h; sourceTree = "<group>"; };
		386D38BE1C33AE3E00769F0E /* GUI_WinBase.cpp */ = {isa = PBXFileReference; fileEncoding = 4; lastKnownFileType = sourcecode.cpp.cpp; path = GUI_WinBase.cpp; sourceTree = "<group>"; };
		386D38BF1C33AE3E00769F0E /* GUI_WinBase.h */ = {isa = PBXFileReference; fileEncoding = 4; lastKnownFileType = sourcecode.c.h; path = GUI_WinBase.h; sourceTree = "<group>"; };
		386D38C01C33AE3E00769F0E /* pantone.h */ = {isa = PBXFileReference; fileEncoding = 4; lastKnownFileType = sourcecode.c.h; path = pantone.h; sourceTree = "<group>"; };
		386D38C11C33AE3E00769F0E /* SDL_gui.cpp */ = {isa = PBXFileReference; fileEncoding = 4; lastKnownFileType = sourcecode.cpp.cpp; path = SDL_gui.cpp; sourceTree = "<group>"; };
		386D38C21C33AE3E00769F0E /* SDL_gui.h */ = {isa = PBXFileReference; fileEncoding = 4; lastKnownFileType = sourcecode.c.h; path = SDL_gui.h; sourceTree = "<group>"; };
		386D38C31C33AE3E00769F0E /* xpm.h */ = {isa = PBXFileReference; fileEncoding = 4; lastKnownFileType = sourcecode.c.h; path = xpm.h; sourceTree = "<group>"; };
		38CA5C9C1BCCAF2B0099BC3B /* iOS.app */ = {isa = PBXFileReference; explicitFileType = wrapper.application; includeInIndex = 0; path = iOS.app; sourceTree = BUILT_PRODUCTS_DIR; };
		38CA5CAB1BCCAF2B0099BC3B /* Assets.xcassets */ = {isa = PBXFileReference; lastKnownFileType = folder.assetcatalog; path = Assets.xcassets; sourceTree = "<group>"; };
		38CA5CAE1BCCAF2B0099BC3B /* Base */ = {isa = PBXFileReference; lastKnownFileType = file.storyboard; name = Base; path = Base.lproj/LaunchScreen.storyboard; sourceTree = "<group>"; };
		38CA5CB01BCCAF2B0099BC3B /* Info.plist */ = {isa = PBXFileReference; lastKnownFileType = text.plist.xml; path = Info.plist; sourceTree = "<group>"; };
		38CA5CC21BCCAFEB0099BC3B /* AudioToolbox.framework */ = {isa = PBXFileReference; lastKnownFileType = wrapper.framework; name = AudioToolbox.framework; path = System/Library/Frameworks/AudioToolbox.framework; sourceTree = SDKROOT; };
		38CA5CC31BCCAFEB0099BC3B /* CoreAudio.framework */ = {isa = PBXFileReference; lastKnownFileType = wrapper.framework; name = CoreAudio.framework; path = System/Library/Frameworks/CoreAudio.framework; sourceTree = SDKROOT; };
		38CA5CC41BCCAFEB0099BC3B /* CoreGraphics.framework */ = {isa = PBXFileReference; lastKnownFileType = wrapper.framework; name = CoreGraphics.framework; path = System/Library/Frameworks/CoreGraphics.framework; sourceTree = SDKROOT; };
		38CA5CC51BCCAFEB0099BC3B /* CoreMotion.framework */ = {isa = PBXFileReference; lastKnownFileType = wrapper.framework; name = CoreMotion.framework; path = System/Library/Frameworks/CoreMotion.framework; sourceTree = SDKROOT; };
		38CA5CC61BCCAFEB0099BC3B /* Foundation.framework */ = {isa = PBXFileReference; lastKnownFileType = wrapper.framework; name = Foundation.framework; path = System/Library/Frameworks/Foundation.framework; sourceTree = SDKROOT; };
		38CA5CC71BCCAFEB0099BC3B /* GameController.framework */ = {isa = PBXFileReference; lastKnownFileType = wrapper.framework; name = GameController.framework; path = System/Library/Frameworks/GameController.framework; sourceTree = SDKROOT; };
		38CA5CC81BCCAFEB0099BC3B /* OpenGLES.framework */ = {isa = PBXFileReference; lastKnownFileType = wrapper.framework; name = OpenGLES.framework; path = System/Library/Frameworks/OpenGLES.framework; sourceTree = SDKROOT; };
		38CA5CC91BCCAFEB0099BC3B /* QuartzCore.framework */ = {isa = PBXFileReference; lastKnownFileType = wrapper.framework; name = QuartzCore.framework; path = System/Library/Frameworks/QuartzCore.framework; sourceTree = SDKROOT; };
		38CA5CCA1BCCAFEB0099BC3B /* UIKit.framework */ = {isa = PBXFileReference; lastKnownFileType = wrapper.framework; name = UIKit.framework; path = System/Library/Frameworks/UIKit.framework; sourceTree = SDKROOT; };
/* End PBXFileReference section */

/* Begin PBXFrameworksBuildPhase section */
		38CA5C991BCCAF2B0099BC3B /* Frameworks */ = {
			isa = PBXFrameworksBuildPhase;
			buildActionMask = 2147483647;
			files = (
				386D38B21C33AE1A00769F0E /* libSDL2_image.a in Frameworks */,
				386D38B31C33AE1A00769F0E /* libSDL2_ttf.a in Frameworks */,
				386D38B41C33AE1A00769F0E /* libSDL2.a in Frameworks */,
				386614441BCF778100643DB9 /* MobileCoreServices.framework in Frameworks */,
				386614421BCF775200643DB9 /* ImageIO.framework in Frameworks */,
				386614401BCF771600643DB9 /* CoreImage.framework in Frameworks */,
				38CA5CCB1BCCAFEB0099BC3B /* AudioToolbox.framework in Frameworks */,
				38CA5CCC1BCCAFEB0099BC3B /* CoreAudio.framework in Frameworks */,
				38CA5CCD1BCCAFEB0099BC3B /* CoreGraphics.framework in Frameworks */,
				38CA5CCE1BCCAFEB0099BC3B /* CoreMotion.framework in Frameworks */,
				38CA5CCF1BCCAFEB0099BC3B /* Foundation.framework in Frameworks */,
				38CA5CD01BCCAFEB0099BC3B /* GameController.framework in Frameworks */,
				38CA5CD11BCCAFEB0099BC3B /* OpenGLES.framework in Frameworks */,
				38CA5CD21BCCAFEB0099BC3B /* QuartzCore.framework in Frameworks */,
				38CA5CD31BCCAFEB0099BC3B /* UIKit.framework in Frameworks */,
			);
			runOnlyForDeploymentPostprocessing = 0;
		};
/* End PBXFrameworksBuildPhase section */

/* Begin PBXGroup section */
		386D38991C33ADF800769F0E /* Products */ = {
			isa = PBXGroup;
			children = (
				386D389E1C33ADF800769F0E /* libSDL2.a */,
			);
			name = Products;
			sourceTree = "<group>";
		};
		386D38A01C33AE0200769F0E /* Products */ = {
			isa = PBXGroup;
			children = (
				386D38A41C33AE0300769F0E /* libSDL2_image.a */,
			);
			name = Products;
			sourceTree = "<group>";
		};
		386D38A51C33AE0B00769F0E /* Xcode-iOS */ = {
			isa = PBXGroup;
			children = (
				386D38A61C33AE0B00769F0E /* SDL_ttf.xcodeproj */,
			);
			name = "Xcode-iOS";
			path = "../../../../SDL_ttf/Xcode-iOS";
			sourceTree = "<group>";
		};
		386D38A71C33AE0B00769F0E /* Products */ = {
			isa = PBXGroup;
			children = (
				386D38AB1C33AE0B00769F0E /* libSDL2_ttf.a */,
			);
			name = Products;
			sourceTree = "<group>";
		};
		386D38B51C33AE3E00769F0E /* SDL_gui */ = {
			isa = PBXGroup;
			children = (
				386D38B61C33AE3E00769F0E /* GUI_BasicWidgets.cpp */,
				386D38B71C33AE3E00769F0E /* GUI_BasicWidgets.h */,
				386D38B81C33AE3E00769F0E /* GUI_MainWin.cpp */,
				386D38B91C33AE3E00769F0E /* GUI_MainWin.h */,
				386D38BA1C33AE3E00769F0E /* GUI_TopWin.cpp */,
				386D38BB1C33AE3E00769F0E /* GUI_TopWin.h */,
				386D38BC1C33AE3E00769F0E /* GUI_utils.cpp */,
				386D38BD1C33AE3E00769F0E /* GUI_utils.h */,
				386D38BE1C33AE3E00769F0E /* GUI_WinBase.cpp */,
				386D38BF1C33AE3E00769F0E /* GUI_WinBase.h */,
				386D38C01C33AE3E00769F0E /* pantone.h */,
				386D38C11C33AE3E00769F0E /* SDL_gui.cpp */,
				386D38C21C33AE3E00769F0E /* SDL_gui.h */,
				386D38C31C33AE3E00769F0E /* xpm.h */,
			);
			name = SDL_gui;
			path = ../../../SDL_gui;
			sourceTree = "<group>";
		};
		38CA5C931BCCAF2B0099BC3B = {
			isa = PBXGroup;
			children = (
				386D38B51C33AE3E00769F0E /* SDL_gui */,
				386045B61BCE227A00BC9D97 /* data */,
				38CA5D0B1BCCD2210099BC3B /* src */,
				38CA5CD41BCCAFF00099BC3B /* Frameworks */,
				38CA5C9E1BCCAF2B0099BC3B /* iOS */,
				38CA5C9D1BCCAF2B0099BC3B /* Products */,
			);
			sourceTree = "<group>";
		};
		38CA5C9D1BCCAF2B0099BC3B /* Products */ = {
			isa = PBXGroup;
			children = (
				38CA5C9C1BCCAF2B0099BC3B /* iOS.app */,
			);
			name = Products;
			sourceTree = "<group>";
		};
		38CA5C9E1BCCAF2B0099BC3B /* iOS */ = {
			isa = PBXGroup;
			children = (
				38CA5CAB1BCCAF2B0099BC3B /* Assets.xcassets */,
				38CA5CAD1BCCAF2B0099BC3B /* LaunchScreen.storyboard */,
				38CA5CB01BCCAF2B0099BC3B /* Info.plist */,
				38CA5C9F1BCCAF2B0099BC3B /* Supporting Files */,
			);
			path = iOS;
			sourceTree = "<group>";
		};
		38CA5C9F1BCCAF2B0099BC3B /* Supporting Files */ = {
			isa = PBXGroup;
			children = (
			);
			name = "Supporting Files";
			sourceTree = "<group>";
		};
		38CA5CD41BCCAFF00099BC3B /* Frameworks */ = {
			isa = PBXGroup;
			children = (
				386D38A51C33AE0B00769F0E /* Xcode-iOS */,
				386D389F1C33AE0200769F0E /* SDL_image.xcodeproj */,
				386D38981C33ADF800769F0E /* SDL.xcodeproj */,
				386614431BCF778100643DB9 /* MobileCoreServices.framework */,
				386614411BCF775200643DB9 /* ImageIO.framework */,
				3866143F1BCF771600643DB9 /* CoreImage.framework */,
				38CA5CC21BCCAFEB0099BC3B /* AudioToolbox.framework */,
				38CA5CC31BCCAFEB0099BC3B /* CoreAudio.framework */,
				38CA5CC41BCCAFEB0099BC3B /* CoreGraphics.framework */,
				38CA5CC51BCCAFEB0099BC3B /* CoreMotion.framework */,
				38CA5CC61BCCAFEB0099BC3B /* Foundation.framework */,
				38CA5CC71BCCAFEB0099BC3B /* GameController.framework */,
				38CA5CC81BCCAFEB0099BC3B /* OpenGLES.framework */,
				38CA5CC91BCCAFEB0099BC3B /* QuartzCore.framework */,
				38CA5CCA1BCCAFEB0099BC3B /* UIKit.framework */,
			);
			name = Frameworks;
			sourceTree = "<group>";
		};
		38CA5D0B1BCCD2210099BC3B /* src */ = {
			isa = PBXGroup;
			children = (
				384BBBB31BCE301900D0B592 /* main.cpp */,
			);
			name = src;
			path = ../src;
			sourceTree = "<group>";
		};
/* End PBXGroup section */

/* Begin PBXNativeTarget section */
		38CA5C9B1BCCAF2B0099BC3B /* iOS */ = {
			isa = PBXNativeTarget;
			buildConfigurationList = 38CA5CB31BCCAF2B0099BC3B /* Build configuration list for PBXNativeTarget "iOS" */;
			buildPhases = (
				38CA5C981BCCAF2B0099BC3B /* Sources */,
				38CA5C991BCCAF2B0099BC3B /* Frameworks */,
				38CA5C9A1BCCAF2B0099BC3B /* Resources */,
			);
			buildRules = (
			);
			dependencies = (
				386D38AD1C33AE1400769F0E /* PBXTargetDependency */,
				386D38AF1C33AE1400769F0E /* PBXTargetDependency */,
				386D38B11C33AE1400769F0E /* PBXTargetDependency */,
			);
			name = iOS;
			productName = iOS;
			productReference = 38CA5C9C1BCCAF2B0099BC3B /* iOS.app */;
			productType = "com.apple.product-type.application";
		};
/* End PBXNativeTarget section */

/* Begin PBXProject section */
		38CA5C941BCCAF2B0099BC3B /* Project object */ = {
			isa = PBXProject;
			attributes = {
				LastUpgradeCheck = 0700;
				ORGANIZATIONNAME = "Jimmy Software Co.,Ltd.";
				TargetAttributes = {
					38CA5C9B1BCCAF2B0099BC3B = {
						CreatedOnToolsVersion = 7.0.1;
					};
				};
			};
			buildConfigurationList = 38CA5C971BCCAF2B0099BC3B /* Build configuration list for PBXProject "iOS" */;
			compatibilityVersion = "Xcode 3.2";
			developmentRegion = English;
			hasScannedForEncodings = 0;
			knownRegions = (
				en,
				Base,
			);
			mainGroup = 38CA5C931BCCAF2B0099BC3B;
			productRefGroup = 38CA5C9D1BCCAF2B0099BC3B /* Products */;
			projectDirPath = "";
			projectReferences = (
				{
					ProductGroup = 386D38991C33ADF800769F0E /* Products */;
					ProjectRef = 386D38981C33ADF800769F0E /* SDL.xcodeproj */;
				},
				{
					ProductGroup = 386D38A01C33AE0200769F0E /* Products */;
					ProjectRef = 386D389F1C33AE0200769F0E /* SDL_image.xcodeproj */;
				},
				{
					ProductGroup = 386D38A71C33AE0B00769F0E /* Products */;
					ProjectRef = 386D38A61C33AE0B00769F0E /* SDL_ttf.xcodeproj */;
				},
			);
			projectRoot = "";
			targets = (
				38CA5C9B1BCCAF2B0099BC3B /* iOS */,
			);
		};
/* End PBXProject section */

/* Begin PBXReferenceProxy section */
		386D389E1C33ADF800769F0E /* libSDL2.a */ = {
			isa = PBXReferenceProxy;
			fileType = archive.ar;
			path = libSDL2.a;
			remoteRef = 386D389D1C33ADF800769F0E /* PBXContainerItemProxy */;
			sourceTree = BUILT_PRODUCTS_DIR;
		};
		386D38A41C33AE0300769F0E /* libSDL2_image.a */ = {
			isa = PBXReferenceProxy;
			fileType = archive.ar;
			path = libSDL2_image.a;
			remoteRef = 386D38A31C33AE0300769F0E /* PBXContainerItemProxy */;
			sourceTree = BUILT_PRODUCTS_DIR;
		};
		386D38AB1C33AE0B00769F0E /* libSDL2_ttf.a */ = {
			isa = PBXReferenceProxy;
			fileType = archive.ar;
			path = libSDL2_ttf.a;
			remoteRef = 386D38AA1C33AE0B00769F0E /* PBXContainerItemProxy */;
			sourceTree = BUILT_PRODUCTS_DIR;
		};
/* End PBXReferenceProxy section */

/* Begin PBXResourcesBuildPhase section */
		38CA5C9A1BCCAF2B0099BC3B /* Resources */ = {
			isa = PBXResourcesBuildPhase;
			buildActionMask = 2147483647;
			files = (
				38CA5CAF1BCCAF2B0099BC3B /* LaunchScreen.storyboard in Resources */,
				38CA5CAC1BCCAF2B0099BC3B /* Assets.xcassets in Resources */,
				386045B71BCE227A00BC9D97 /* data in Resources */,
			);
			runOnlyForDeploymentPostprocessing = 0;
		};
/* End PBXResourcesBuildPhase section */

/* Begin PBXSourcesBuildPhase section */
		38CA5C981BCCAF2B0099BC3B /* Sources */ = {
			isa = PBXSourcesBuildPhase;
			buildActionMask = 2147483647;
			files = (
				386D38C61C33AE3E00769F0E /* GUI_TopWin.cpp in Sources */,
				386D38C41C33AE3E00769F0E /* GUI_BasicWidgets.cpp in Sources */,
				386D38C71C33AE3E00769F0E /* GUI_utils.cpp in Sources */,
				386D38C81C33AE3E00769F0E /* GUI_WinBase.cpp in Sources */,
				386D38C51C33AE3E00769F0E /* GUI_MainWin.cpp in Sources */,
				386D38C91C33AE3E00769F0E /* SDL_gui.cpp in Sources */,
				384BBBB41BCE301900D0B592 /* main.cpp in Sources */,
			);
			runOnlyForDeploymentPostprocessing = 0;
		};
/* End PBXSourcesBuildPhase section */

/* Begin PBXTargetDependency section */
		386D38AD1C33AE1400769F0E /* PBXTargetDependency */ = {
			isa = PBXTargetDependency;
			name = "Static Library";
			targetProxy = 386D38AC1C33AE1400769F0E /* PBXContainerItemProxy */;
		};
		386D38AF1C33AE1400769F0E /* PBXTargetDependency */ = {
			isa = PBXTargetDependency;
			name = libSDL_image;
			targetProxy = 386D38AE1C33AE1400769F0E /* PBXContainerItemProxy */;
		};
		386D38B11C33AE1400769F0E /* PBXTargetDependency */ = {
			isa = PBXTargetDependency;
			name = libSDL;
			targetProxy = 386D38B01C33AE1400769F0E /* PBXContainerItemProxy */;
		};
/* End PBXTargetDependency section */

/* Begin PBXVariantGroup section */
		38CA5CAD1BCCAF2B0099BC3B /* LaunchScreen.storyboard */ = {
			isa = PBXVariantGroup;
			children = (
				38CA5CAE1BCCAF2B0099BC3B /* Base */,
			);
			name = LaunchScreen.storyboard;
			sourceTree = "<group>";
		};
/* End PBXVariantGroup section */

/* Begin XCBuildConfiguration section */
		38CA5CB11BCCAF2B0099BC3B /* Debug */ = {
			isa = XCBuildConfiguration;
			buildSettings = {
				ALWAYS_SEARCH_USER_PATHS = NO;
				CLANG_CXX_LANGUAGE_STANDARD = "gnu++0x";
				CLANG_CXX_LIBRARY = "libc++";
				CLANG_ENABLE_MODULES = YES;
				CLANG_ENABLE_OBJC_ARC = YES;
				CLANG_WARN_BOOL_CONVERSION = YES;
				CLANG_WARN_CONSTANT_CONVERSION = YES;
				CLANG_WARN_DIRECT_OBJC_ISA_USAGE = YES_ERROR;
				CLANG_WARN_EMPTY_BODY = YES;
				CLANG_WARN_ENUM_CONVERSION = YES;
				CLANG_WARN_INT_CONVERSION = YES;
				CLANG_WARN_OBJC_ROOT_CLASS = YES_ERROR;
				CLANG_WARN_UNREACHABLE_CODE = YES;
				CLANG_WARN__DUPLICATE_METHOD_MATCH = YES;
				"CODE_SIGN_IDENTITY[sdk=iphoneos*]" = "iPhone Developer";
				COPY_PHASE_STRIP = NO;
				DEBUG_INFORMATION_FORMAT = dwarf;
				ENABLE_STRICT_OBJC_MSGSEND = YES;
				ENABLE_TESTABILITY = NO;
				GCC_C_LANGUAGE_STANDARD = gnu99;
				GCC_DYNAMIC_NO_PIC = NO;
				GCC_NO_COMMON_BLOCKS = YES;
				GCC_OPTIMIZATION_LEVEL = 0;
				GCC_PREPROCESSOR_DEFINITIONS = (
					"DEBUG=1",
					"$(inherited)",
				);
				GCC_WARN_64_TO_32_BIT_CONVERSION = YES;
				GCC_WARN_ABOUT_RETURN_TYPE = YES_ERROR;
				GCC_WARN_UNDECLARED_SELECTOR = YES;
				GCC_WARN_UNINITIALIZED_AUTOS = YES_AGGRESSIVE;
				GCC_WARN_UNUSED_FUNCTION = YES;
				GCC_WARN_UNUSED_VARIABLE = YES;
				IPHONEOS_DEPLOYMENT_TARGET = 9.0;
				MTL_ENABLE_DEBUG_INFO = YES;
				ONLY_ACTIVE_ARCH = YES;
				SDKROOT = iphoneos;
				TARGETED_DEVICE_FAMILY = "1,2";
			};
			name = Debug;
		};
		38CA5CB21BCCAF2B0099BC3B /* Release */ = {
			isa = XCBuildConfiguration;
			buildSettings = {
				ALWAYS_SEARCH_USER_PATHS = NO;
				CLANG_CXX_LANGUAGE_STANDARD = "gnu++0x";
				CLANG_CXX_LIBRARY = "libc++";
				CLANG_ENABLE_MODULES = YES;
				CLANG_ENABLE_OBJC_ARC = YES;
				CLANG_WARN_BOOL_CONVERSION = YES;
				CLANG_WARN_CONSTANT_CONVERSION = YES;
				CLANG_WARN_DIRECT_OBJC_ISA_USAGE = YES_ERROR;
				CLANG_WARN_EMPTY_BODY = YES;
				CLANG_WARN_ENUM_CONVERSION = YES;
				CLANG_WARN_INT_CONVERSION = YES;
				CLANG_WARN_OBJC_ROOT_CLASS = YES_ERROR;
				CLANG_WARN_UNREACHABLE_CODE = YES;
				CLANG_WARN__DUPLICATE_METHOD_MATCH = YES;
				"CODE_SIGN_IDENTITY[sdk=iphoneos*]" = "iPhone Developer";
				COPY_PHASE_STRIP = NO;
				DEBUG_INFORMATION_FORMAT = "dwarf-with-dsym";
				ENABLE_NS_ASSERTIONS = NO;
				ENABLE_STRICT_OBJC_MSGSEND = YES;
				GCC_C_LANGUAGE_STANDARD = gnu99;
				GCC_NO_COMMON_BLOCKS = YES;
				GCC_WARN_64_TO_32_BIT_CONVERSION = YES;
				GCC_WARN_ABOUT_RETURN_TYPE = YES_ERROR;
				GCC_WARN_UNDECLARED_SELECTOR = YES;
				GCC_WARN_UNINITIALIZED_AUTOS = YES_AGGRESSIVE;
				GCC_WARN_UNUSED_FUNCTION = YES;
				GCC_WARN_UNUSED_VARIABLE = YES;
				IPHONEOS_DEPLOYMENT_TARGET = 9.0;
				MTL_ENABLE_DEBUG_INFO = NO;
				SDKROOT = iphoneos;
				TARGETED_DEVICE_FAMILY = "1,2";
				VALIDATE_PRODUCT = YES;
			};
			name = Release;
		};
		38CA5CB41BCCAF2B0099BC3B /* Debug */ = {
			isa = XCBuildConfiguration;
			buildSettings = {
				ASSETCATALOG_COMPILER_APPICON_NAME = AppIcon;
				ENABLE_TESTABILITY = NO;
				HEADER_SEARCH_PATHS = (
					"$(SDL_ROOT)/include",
					"$(SDL_IMAGE_ROOT)",
					"$(SDL_TTF_ROOT)",
				);
				INFOPLIST_FILE = iOS/Info.plist;
				LD_RUNPATH_SEARCH_PATHS = "$(inherited) @executable_path/Frameworks";
				PRODUCT_BUNDLE_IDENTIFIER = com.jimmysoftware.iOS;
				PRODUCT_NAME = "$(TARGET_NAME)";
			};
			name = Debug;
		};
		38CA5CB51BCCAF2B0099BC3B /* Release */ = {
			isa = XCBuildConfiguration;
			buildSettings = {
				ASSETCATALOG_COMPILER_APPICON_NAME = AppIcon;
				HEADER_SEARCH_PATHS = (
					"$(SDL_ROOT)/include",
					"$(SDL_IMAGE_ROOT)",
					"$(SDL_TTF_ROOT)",
				);
				INFOPLIST_FILE = iOS/Info.plist;
				LD_RUNPATH_SEARCH_PATHS = "$(inherited) @executable_path/Frameworks";
				PRODUCT_BUNDLE_IDENTIFIER = com.jimmysoftware.iOS;
				PRODUCT_NAME = "$(TARGET_NAME)";
			};
			name = Release;
		};
/* End XCBuildConfiguration section */

/* Begin XCConfigurationList section */
		38CA5C971BCCAF2B0099BC3B /* Build configuration list for PBXProject "iOS" */ = {
			isa = XCConfigurationList;
			buildConfigurations = (
				38CA5CB11BCCAF2B0099BC3B /* Debug */,
				38CA5CB21BCCAF2B0099BC3B /* Release */,
			);
			defaultConfigurationIsVisible = 0;
			defaultConfigurationName = Release;
		};
		38CA5CB31BCCAF2B0099BC3B /* Build configuration list for PBXNativeTarget "iOS" */ = {
			isa = XCConfigurationList;
			buildConfigurations = (
				38CA5CB41BCCAF2B0099BC3B /* Debug */,
				38CA5CB51BCCAF2B0099BC3B /* Release */,
			);
			defaultConfigurationIsVisible = 0;
			defaultConfigurationName = Release;
		};
/* End XCConfigurationList section */
	};
	rootObject = 38CA5C941BCCAF2B0099BC3B /* Project object */;
}
