<?xml version="1.0" encoding="utf-8"?>
<Project ToolsVersion="4.0" xmlns="http://schemas.microsoft.com/developer/msbuild/2003">
  <ItemGroup>
    <Filter Include="Source Files">
      <UniqueIdentifier>{4FC737F1-C7A5-4376-A066-2A32D752A2FF}</UniqueIdentifier>
      <Extensions>cpp;c;cc;cxx;def;odl;idl;hpj;bat;asm;asmx</Extensions>
    </Filter>
    <Filter Include="Header Files">
      <UniqueIdentifier>{93995380-89BD-4b04-88EB-625FBE52EBFB}</UniqueIdentifier>
      <Extensions>h;hh;hpp;hxx;hm;inl;inc;xsd</Extensions>
    </Filter>
    <Filter Include="Resource Files">
      <UniqueIdentifier>{67DA6AB6-F800-4c08-8B7A-83BB121AAD01}</UniqueIdentifier>
      <Extensions>rc;ico;cur;bmp;dlg;rc2;rct;bin;rgs;gif;jpg;jpeg;jpe;resx;tiff;tif;png;wav;mfcribbon-ms</Extensions>
    </Filter>
    <Filter Include="Source Files\SDL2_gfx">
      <UniqueIdentifier>{9eaa849a-c6f4-45c7-adea-80555bf7dd8e}</UniqueIdentifier>
    </Filter>
    <Filter Include="Source Files\SDL2_gui">
      <UniqueIdentifier>{d2a7267f-7e2a-42a4-a355-cf0b849dbb0c}</UniqueIdentifier>
    </Filter>
  </ItemGroup>
  <ItemGroup>
    <ClCompile Include="..\..\..\src\main.cpp">
      <Filter>Source Files</Filter>
    </ClCompile>
    <ClCompile Include="..\..\..\..\..\SDL2_gfx\SDL2_framerate.c">
      <Filter>Source Files\SDL2_gfx</Filter>
    </ClCompile>
    <ClCompile Include="..\..\..\..\..\SDL2_gfx\SDL2_gfxPrimitives.c">
      <Filter>Source Files\SDL2_gfx</Filter>
    </ClCompile>
    <ClCompile Include="..\..\..\..\..\SDL2_gfx\SDL2_imageFilter.c">
      <Filter>Source Files\SDL2_gfx</Filter>
    </ClCompile>
    <ClCompile Include="..\..\..\..\..\SDL2_gfx\SDL2_rotozoom.c">
      <Filter>Source Files\SDL2_gfx</Filter>
    </ClCompile>
    <ClCompile Include="..\..\..\..\..\SDL2_gui\GUI_Utils.cpp">
      <Filter>Source Files\SDL2_gui</Filter>
    </ClCompile>
    <ClCompile Include="..\..\..\..\..\SDL2_gui\GUI_View.cpp">
      <Filter>Source Files\SDL2_gui</Filter>
    </ClCompile>
    <ClCompile Include="..\..\..\..\..\SDL2_gui\SDL_gui.cpp">
      <Filter>Source Files\SDL2_gui</Filter>
    </ClCompile>
    <ClCompile Include="..\..\..\..\..\SDL2_gui\GUI_Fonts.cpp">
      <Filter>Source Files\SDL2_gui</Filter>
    </ClCompile>
    <ClCompile Include="..\..\..\..\..\SDL2_gui\GUI_image.cpp">
      <Filter>Source Files\SDL2_gui</Filter>
    </ClCompile>
    <ClCompile Include="..\..\..\..\..\SDL2_gui\GUI_ImageView.cpp">
      <Filter>Source Files\SDL2_gui</Filter>
    </ClCompile>
    <ClCompile Include="..\..\..\..\..\SDL2_gui\GUI_shapes.cpp">
      <Filter>Source Files\SDL2_gui</Filter>
    </ClCompile>
    <ClCompile Include="..\..\..\..\..\SDL2_gui\GUI_TextView.cpp">
      <Filter>Source Files\SDL2_gui</Filter>
    </ClCompile>
    <ClCompile Include="..\..\..\..\..\SDL2_gui\GUI_Config.cpp">
      <Filter>Source Files\SDL2_gui</Filter>
    </ClCompile>
    <ClCompile Include="..\..\..\..\..\SDL2_gui\GUI_Label.cpp">
      <Filter>Source Files\SDL2_gui</Filter>
    </ClCompile>
    <ClCompile Include="..\..\..\..\..\SDL2_gui\GUI_IconView.cpp">
      <Filter>Source Files\SDL2_gui</Filter>
    </ClCompile>
    <ClCompile Include="..\..\..\..\..\SDL2_gui\GUI_Button.cpp">
      <Filter>Source Files\SDL2_gui</Filter>
    </ClCompile>
    <ClCompile Include="..\..\..\..\..\SDL2_gui\GUI_CheckBox.cpp">
      <Filter>Source Files\SDL2_gui</Filter>
    </ClCompile>
    <ClCompile Include="..\..\..\..\..\SDL2_gui\GUI_ComboBox.cpp">
      <Filter>Source Files\SDL2_gui</Filter>
    </ClCompile>
    <ClCompile Include="..\..\..\..\..\SDL2_gui\GUI_EditText.cpp">
      <Filter>Source Files\SDL2_gui</Filter>
    </ClCompile>
    <ClCompile Include="..\..\..\..\..\SDL2_gui\GUI_List.cpp">
      <Filter>Source Files\SDL2_gui</Filter>
    </ClCompile>
    <ClCompile Include="..\..\..\..\..\SDL2_gui\GUI_RadioButton.cpp">
      <Filter>Source Files\SDL2_gui</Filter>
    </ClCompile>
    <ClCompile Include="..\..\..\..\..\SDL2_gui\GUI_RadioButtonGroup.cpp">
      <Filter>Source Files\SDL2_gui</Filter>
    </ClCompile>
    <ClCompile Include="..\..\..\..\..\SDL2_gui\GUI_ScrollView.cpp">
      <Filter>Source Files\SDL2_gui</Filter>
    </ClCompile>
    <ClCompile Include="..\..\..\..\..\SDL2_gui\GUI_TextUtil.cpp">
      <Filter>Source Files\SDL2_gui</Filter>
    </ClCompile>
    <ClCompile Include="..\..\..\..\..\SDL2_gui\GUI_Menu.cpp">
      <Filter>Source Files\SDL2_gui</Filter>
    </ClCompile>
    <ClCompile Include="..\..\..\..\..\SDL2_gui\GUI_MenuBar.cpp">
      <Filter>Source Files\SDL2_gui</Filter>
    </ClCompile>
    <ClCompile Include="..\..\..\..\..\SDL2_gui\GUI_PopupView.cpp">
      <Filter>Source Files\SDL2_gui</Filter>
    </ClCompile>
    <ClCompile Include="..\..\..\..\..\SDL2_gui\GUI_TopBar.cpp">
      <Filter>Source Files\SDL2_gui</Filter>
    </ClCompile>
    <ClCompile Include="..\..\..\..\..\SDL2_gui\GUI_App.cpp">
      <Filter>Source Files\SDL2_gui</Filter>
    </ClCompile>
    <ClCompile Include="..\..\..\..\..\SDL2_gui\GUI_StatusBar.cpp">
      <Filter>Source Files\SDL2_gui</Filter>
    </ClCompile>
    <ClCompile Include="..\..\..\..\..\SDL2_gui\GUI_MessageBox.cpp">
      <Filter>Source Files\SDL2_gui</Filter>
    </ClCompile>
    <ClCompile Include="..\..\..\..\..\SDL2_gui\GUI_Slider.cpp">
      <Filter>Source Files\SDL2_gui</Filter>
    </ClCompile>
    <ClCompile Include="..\..\..\..\..\SDL2_gui\GUI_Switch.cpp">
      <Filter>Source Files\SDL2_gui</Filter>
    </ClCompile>
  </ItemGroup>
  <ItemGroup>
    <Image Include="Icon.ico">
      <Filter>Resource Files</Filter>
    </Image>
  </ItemGroup>
  <ItemGroup>
    <ClInclude Include="resource.h">
      <Filter>Header Files</Filter>
    </ClInclude>
    <ClInclude Include="..\..\..\..\..\SDL2_gfx\SDL2_framerate.h">
      <Filter>Source Files\SDL2_gfx</Filter>
    </ClInclude>
    <ClInclude Include="..\..\..\..\..\SDL2_gfx\SDL2_gfxPrimitives.h">
      <Filter>Source Files\SDL2_gfx</Filter>
    </ClInclude>
    <ClInclude Include="..\..\..\..\..\SDL2_gfx\SDL2_gfxPrimitives_font.h">
      <Filter>Source Files\SDL2_gfx</Filter>
    </ClInclude>
    <ClInclude Include="..\..\..\..\..\SDL2_gfx\SDL2_imageFilter.h">
      <Filter>Source Files\SDL2_gfx</Filter>
    </ClInclude>
    <ClInclude Include="..\..\..\..\..\SDL2_gfx\SDL2_rotozoom.h">
      <Filter>Source Files\SDL2_gfx</Filter>
    </ClInclude>
    <ClInclude Include="..\..\..\..\..\SDL2_gui\GUI_Utils.h">
      <Filter>Source Files\SDL2_gui</Filter>
    </ClInclude>
    <ClInclude Include="..\..\..\..\..\SDL2_gui\GUI_View.h">
      <Filter>Source Files\SDL2_gui</Filter>
    </ClInclude>
    <ClInclude Include="..\..\..\..\..\SDL2_gui\SDL_gui.h">
      <Filter>Source Files\SDL2_gui</Filter>
    </ClInclude>
    <ClInclude Include="..\..\..\..\..\SDL2_gui\GUI_Fonts.h">
      <Filter>Source Files\SDL2_gui</Filter>
    </ClInclude>
    <ClInclude Include="..\..\..\..\..\SDL2_gui\GUI_image.h">
      <Filter>Source Files\SDL2_gui</Filter>
    </ClInclude>
    <ClInclude Include="..\..\..\..\..\SDL2_gui\GUI_ImageView.h">
      <Filter>Source Files\SDL2_gui</Filter>
    </ClInclude>
    <ClInclude Include="..\..\..\..\..\SDL2_gui\GUI_shapes.h">
      <Filter>Source Files\SDL2_gui</Filter>
    </ClInclude>
    <ClInclude Include="..\..\..\..\..\SDL2_gui\GUI_TextView.h">
      <Filter>Source Files\SDL2_gui</Filter>
    </ClInclude>
    <ClInclude Include="..\..\..\..\..\SDL2_gui\GUI_Config.h">
      <Filter>Source Files\SDL2_gui</Filter>
    </ClInclude>
    <ClInclude Include="..\..\..\..\..\SDL2_gui\GUI_Label.h">
      <Filter>Source Files\SDL2_gui</Filter>
    </ClInclude>
    <ClInclude Include="..\..\..\..\..\SDL2_gui\GUI_IconView.h">
      <Filter>Source Files\SDL2_gui</Filter>
    </ClInclude>
    <ClInclude Include="..\..\..\..\..\SDL2_gui\GUI_Button.h">
      <Filter>Source Files\SDL2_gui</Filter>
    </ClInclude>
    <ClInclude Include="..\..\..\..\..\SDL2_gui\GUI_CheckBox.h">
      <Filter>Source Files\SDL2_gui</Filter>
    </ClInclude>
    <ClInclude Include="..\..\..\..\..\SDL2_gui\GUI_ComboBox.h">
      <Filter>Source Files\SDL2_gui</Filter>
    </ClInclude>
    <ClInclude Include="..\..\..\..\..\SDL2_gui\GUI_EditText.h">
      <Filter>Source Files\SDL2_gui</Filter>
    </ClInclude>
    <ClInclude Include="..\..\..\..\..\SDL2_gui\GUI_List.h">
      <Filter>Source Files\SDL2_gui</Filter>
    </ClInclude>
    <ClInclude Include="..\..\..\..\..\SDL2_gui\GUI_RadioButton.h">
      <Filter>Source Files\SDL2_gui</Filter>
    </ClInclude>
    <ClInclude Include="..\..\..\..\..\SDL2_gui\GUI_RadioButtonGroup.h">
      <Filter>Source Files\SDL2_gui</Filter>
    </ClInclude>
    <ClInclude Include="..\..\..\..\..\SDL2_gui\GUI_ScrollView.h">
      <Filter>Source Files\SDL2_gui</Filter>
    </ClInclude>
    <ClInclude Include="..\..\..\..\..\SDL2_gui\GUI_TextUtil.h">
      <Filter>Source Files\SDL2_gui</Filter>
    </ClInclude>
    <ClInclude Include="..\..\..\..\..\SDL2_gui\GUI_Menu.h">
      <Filter>Source Files\SDL2_gui</Filter>
    </ClInclude>
    <ClInclude Include="..\..\..\..\..\SDL2_gui\GUI_MenuBar.h">
      <Filter>Source Files\SDL2_gui</Filter>
    </ClInclude>
    <ClInclude Include="..\..\..\..\..\SDL2_gui\GUI_PopupView.h">
      <Filter>Source Files\SDL2_gui</Filter>
    </ClInclude>
    <ClInclude Include="..\..\..\..\..\SDL2_gui\GUI_TopBar.h">
      <Filter>Source Files\SDL2_gui</Filter>
    </ClInclude>
    <ClInclude Include="..\..\..\..\..\SDL2_gui\GUI_App.h">
      <Filter>Source Files\SDL2_gui</Filter>
    </ClInclude>
    <ClInclude Include="..\..\..\..\..\SDL2_gui\GUI_StatusBar.h">
      <Filter>Source Files\SDL2_gui</Filter>
    </ClInclude>
    <ClInclude Include="..\..\..\..\..\SDL2_gui\GUI_Switch.h">
      <Filter>Source Files\SDL2_gui</Filter>
    </ClInclude>
    <ClInclude Include="..\..\..\..\..\SDL2_gui\GUI_MessageBox.h">
      <Filter>Source Files\SDL2_gui</Filter>
    </ClInclude>
    <ClInclude Include="..\..\..\..\..\SDL2_gui\GUI_Slider.h">
      <Filter>Source Files\SDL2_gui</Filter>
    </ClInclude>
  </ItemGroup>
  <ItemGroup>
    <ResourceCompile Include="resource.rc">
      <Filter>Source Files</Filter>
    </ResourceCompile>
  </ItemGroup>
  <ItemGroup>
    <None Include="..\..\..\..\..\SDL2_gfx\SDL2_gfxPrimitives.bc">
      <Filter>Source Files\SDL2_gfx</Filter>
    </None>
  </ItemGroup>
</Project>