// !$*UTF8*$!
{
	archiveVersion = 1;
	classes = {
	};
	objectVersion = 46;
	objects = {

/* Begin PBXBuildFile section */
		381BE2711BCE26E1004F12EF /* data in CopyFiles */ = {isa = PBXBuildFile; fileRef = 381BE2701BCE26DA004F12EF /* data */; };
		381BE2761BCE2788004F12EF /* main.cpp in Sources */ = {isa = PBXBuildFile; fileRef = 381BE2751BCE2788004F12EF /* main.cpp */; };
		38E1D2251BCCA94900C25A25 /* AudioToolbox.framework in Frameworks */ = {isa = PBXBuildFile; fileRef = 38E1D2241BCCA94900C25A25 /* AudioToolbox.framework */; };
		38E1D2271BCCA95000C25A25 /* AudioUnit.framework in Frameworks */ = {isa = PBXBuildFile; fileRef = 38E1D2261BCCA95000C25A25 /* AudioUnit.framework */; };
		38E1D22A1BCCA95B00C25A25 /* Carbon.framework in Frameworks */ = {isa = PBXBuildFile; fileRef = 38E1D2281BCCA95B00C25A25 /* Carbon.framework */; };
		38E1D22B1BCCA95B00C25A25 /* Cocoa.framework in Frameworks */ = {isa = PBXBuildFile; fileRef = 38E1D2291BCCA95B00C25A25 /* Cocoa.framework */; };
		38E1D22D1BCCA96700C25A25 /* CoreVideo.framework in Frameworks */ = {isa = PBXBuildFile; fileRef = 38E1D22C1BCCA96700C25A25 /* CoreVideo.framework */; };
		38E1D2301BCCA97700C25A25 /* CoreAudio.framework in Frameworks */ = {isa = PBXBuildFile; fileRef = 38E1D22E1BCCA97700C25A25 /* CoreAudio.framework */; };
		38E1D2311BCCA97700C25A25 /* CoreFoundation.framework in Frameworks */ = {isa = PBXBuildFile; fileRef = 38E1D22F1BCCA97700C25A25 /* CoreFoundation.framework */; };
		38E1D2331BCCA98900C25A25 /* IOKit.framework in Frameworks */ = {isa = PBXBuildFile; fileRef = 38E1D2321BCCA98900C25A25 /* IOKit.framework */; };
		38FC07AA1C32585F00FFC1A1 /* SDL2.framework in Frameworks */ = {isa = PBXBuildFile; fileRef = 38FC07A11C32584400FFC1A1 /* SDL2.framework */; };
		BF75427C1C312F9F005AB54A /* GUI_BasicWidgets.cpp in Sources */ = {isa = PBXBuildFile; fileRef = BF75426F1C312F9F005AB54A /* GUI_BasicWidgets.cpp */; };
		BF75427D1C312F9F005AB54A /* GUI_MainWin.cpp in Sources */ = {isa = PBXBuildFile; fileRef = BF7542711C312F9F005AB54A /* GUI_MainWin.cpp */; };
		BF75427E1C312F9F005AB54A /* GUI_TopWin.cpp in Sources */ = {isa = PBXBuildFile; fileRef = BF7542731C312F9F005AB54A /* GUI_TopWin.cpp */; };
		BF75427F1C312F9F005AB54A /* GUI_utils.cpp in Sources */ = {isa = PBXBuildFile; fileRef = BF7542751C312F9F005AB54A /* GUI_utils.cpp */; };
		BF7542801C312F9F005AB54A /* GUI_WinBase.cpp in Sources */ = {isa = PBXBuildFile; fileRef = BF7542771C312F9F005AB54A /* GUI_WinBase.cpp */; };
		BF7542811C312F9F005AB54A /* SDL_gui.cpp in Sources */ = {isa = PBXBuildFile; fileRef = BF7542791C312F9F005AB54A /* SDL_gui.cpp */; };
		BF7542B01C312FFB005AB54A /* SDL2_image.framework in Frameworks */ = {isa = PBXBuildFile; fileRef = BF7542981C312FC7005AB54A /* SDL2_image.framework */; };
		BF7542B11C312FFF005AB54A /* SDL2_ttf.framework in Frameworks */ = {isa = PBXBuildFile; fileRef = BF7542A41C312FD6005AB54A /* SDL2_ttf.framework */; };
/* End PBXBuildFile section */

/* Begin PBXContainerItemProxy section */
		38FC07A01C32584400FFC1A1 /* PBXContainerItemProxy */ = {
			isa = PBXContainerItemProxy;
			containerPortal = 38FC07991C32584400FFC1A1 /* SDL.xcodeproj */;
			proxyType = 2;
			remoteGlobalIDString = BECDF66C0761BA81005FE872;
			remoteInfo = Framework;
		};
		38FC07A21C32584400FFC1A1 /* PBXContainerItemProxy */ = {
			isa = PBXContainerItemProxy;
			containerPortal = 38FC07991C32584400FFC1A1 /* SDL.xcodeproj */;
			proxyType = 2;
			remoteGlobalIDString = BECDF6B30761BA81005FE872;
			remoteInfo = "Static Library";
		};
		38FC07A41C32584400FFC1A1 /* PBXContainerItemProxy */ = {
			isa = PBXContainerItemProxy;
			containerPortal = 38FC07991C32584400FFC1A1 /* SDL.xcodeproj */;
			proxyType = 2;
			remoteGlobalIDString = DB31407717554B71006C0E22;
			remoteInfo = "Shared Library";
		};
		38FC07A61C32584400FFC1A1 /* PBXContainerItemProxy */ = {
			isa = PBXContainerItemProxy;
			containerPortal = 38FC07991C32584400FFC1A1 /* SDL.xcodeproj */;
			proxyType = 2;
			remoteGlobalIDString = BECDF6BE0761BA81005FE872;
			remoteInfo = "Standard DMG";
		};
		38FC07A81C32585500FFC1A1 /* PBXContainerItemProxy */ = {
			isa = PBXContainerItemProxy;
			containerPortal = 38FC07991C32584400FFC1A1 /* SDL.xcodeproj */;
			proxyType = 1;
			remoteGlobalIDString = BECDF5FE0761BA81005FE872;
			remoteInfo = Framework;
		};
		BF7542971C312FC7005AB54A /* PBXContainerItemProxy */ = {
			isa = PBXContainerItemProxy;
			containerPortal = BF7542911C312FC7005AB54A /* SDL_image.xcodeproj */;
			proxyType = 2;
			remoteGlobalIDString = BE1FA72E07AF4C45004B6283;
			remoteInfo = Framework;
		};
		BF7542991C312FC7005AB54A /* PBXContainerItemProxy */ = {
			isa = PBXContainerItemProxy;
			containerPortal = BF7542911C312FC7005AB54A /* SDL_image.xcodeproj */;
			proxyType = 2;
			remoteGlobalIDString = BE1FA74107AF4C45004B6283;
			remoteInfo = "Static Library";
		};
		BF75429B1C312FC7005AB54A /* PBXContainerItemProxy */ = {
			isa = PBXContainerItemProxy;
			containerPortal = BF7542911C312FC7005AB54A /* SDL_image.xcodeproj */;
			proxyType = 2;
			remoteGlobalIDString = BE1FA74507AF4C45004B6283;
			remoteInfo = "Create DMG";
		};
		BF7542A31C312FD6005AB54A /* PBXContainerItemProxy */ = {
			isa = PBXContainerItemProxy;
			containerPortal = BF75429D1C312FD6005AB54A /* SDL_ttf.xcodeproj */;
			proxyType = 2;
			remoteGlobalIDString = BE48FD6707AFA17000BB41DA;
			remoteInfo = Framework;
		};
		BF7542A51C312FD6005AB54A /* PBXContainerItemProxy */ = {
			isa = PBXContainerItemProxy;
			containerPortal = BF75429D1C312FD6005AB54A /* SDL_ttf.xcodeproj */;
			proxyType = 2;
			remoteGlobalIDString = BE48FD6E07AFA17000BB41DA;
			remoteInfo = "Static Library";
		};
		BF7542A71C312FD6005AB54A /* PBXContainerItemProxy */ = {
			isa = PBXContainerItemProxy;
			containerPortal = BF75429D1C312FD6005AB54A /* SDL_ttf.xcodeproj */;
			proxyType = 2;
			remoteGlobalIDString = BE48FD7207AFA17000BB41DA;
			remoteInfo = "Create DMG";
		};
		BF7542A91C312FE5005AB54A /* PBXContainerItemProxy */ = {
			isa = PBXContainerItemProxy;
			containerPortal = BF75429D1C312FD6005AB54A /* SDL_ttf.xcodeproj */;
			proxyType = 1;
			remoteGlobalIDString = BE48FD5D07AFA17000BB41DA;
			remoteInfo = Framework;
		};
		BF7542AB1C312FE9005AB54A /* PBXContainerItemProxy */ = {
			isa = PBXContainerItemProxy;
			containerPortal = BF7542911C312FC7005AB54A /* SDL_image.xcodeproj */;
			proxyType = 1;
			remoteGlobalIDString = BE1FA71807AF4C44004B6283;
			remoteInfo = Framework;
		};
/* End PBXContainerItemProxy section */

/* Begin PBXCopyFilesBuildPhase section */
		38E1D2071BCCA90800C25A25 /* CopyFiles */ = {
			isa = PBXCopyFilesBuildPhase;
			buildActionMask = 12;
			dstPath = "";
			dstSubfolderSpec = 16;
			files = (
				381BE2711BCE26E1004F12EF /* data in CopyFiles */,
			);
			runOnlyForDeploymentPostprocessing = 0;
		};
/* End PBXCopyFilesBuildPhase section */

/* Begin PBXFileReference section */
		381BE2701BCE26DA004F12EF /* data */ = {isa = PBXFileReference; lastKnownFileType = folder; name = data; path = ../data; sourceTree = "<group>"; };
		381BE2751BCE2788004F12EF /* main.cpp */ = {isa = PBXFileReference; fileEncoding = 4; lastKnownFileType = sourcecode.cpp.cpp; path = main.cpp; sourceTree = "<group>"; };
		38E1D2091BCCA90800C25A25 /* OSX */ = {isa = PBXFileReference; explicitFileType = "compiled.mach-o.executable"; includeInIndex = 0; path = OSX; sourceTree = BUILT_PRODUCTS_DIR; };
		38E1D2241BCCA94900C25A25 /* AudioToolbox.framework */ = {isa = PBXFileReference; lastKnownFileType = wrapper.framework; name = AudioToolbox.framework; path = System/Library/Frameworks/AudioToolbox.framework; sourceTree = SDKROOT; };
		38E1D2261BCCA95000C25A25 /* AudioUnit.framework */ = {isa = PBXFileReference; lastKnownFileType = wrapper.framework; name = AudioUnit.framework; path = System/Library/Frameworks/AudioUnit.framework; sourceTree = SDKROOT; };
		38E1D2281BCCA95B00C25A25 /* Carbon.framework */ = {isa = PBXFileReference; lastKnownFileType = wrapper.framework; name = Carbon.framework; path = System/Library/Frameworks/Carbon.framework; sourceTree = SDKROOT; };
		38E1D2291BCCA95B00C25A25 /* Cocoa.framework */ = {isa = PBXFileReference; lastKnownFileType = wrapper.framework; name = Cocoa.framework; path = System/Library/Frameworks/Cocoa.framework; sourceTree = SDKROOT; };
		38E1D22C1BCCA96700C25A25 /* CoreVideo.framework */ = {isa = PBXFileReference; lastKnownFileType = wrapper.framework; name = CoreVideo.framework; path = System/Library/Frameworks/CoreVideo.framework; sourceTree = SDKROOT; };
		38E1D22E1BCCA97700C25A25 /* CoreAudio.framework */ = {isa = PBXFileReference; lastKnownFileType = wrapper.framework; name = CoreAudio.framework; path = System/Library/Frameworks/CoreAudio.framework; sourceTree = SDKROOT; };
		38E1D22F1BCCA97700C25A25 /* CoreFoundation.framework */ = {isa = PBXFileReference; lastKnownFileType = wrapper.framework; name = CoreFoundation.framework; path = System/Library/Frameworks/CoreFoundation.framework; sourceTree = SDKROOT; };
		38E1D2321BCCA98900C25A25 /* IOKit.framework */ = {isa = PBXFileReference; lastKnownFileType = wrapper.framework; name = IOKit.framework; path = System/Library/Frameworks/IOKit.framework; sourceTree = SDKROOT; };
		38FC07991C32584400FFC1A1 /* SDL.xcodeproj */ = {isa = PBXFileReference; lastKnownFileType = "wrapper.pb-project"; name = SDL.xcodeproj; path = ../../../../SDL/Xcode/SDL/SDL.xcodeproj; sourceTree = "<group>"; };
		BF75426F1C312F9F005AB54A /* GUI_BasicWidgets.cpp */ = {isa = PBXFileReference; fileEncoding = 4; lastKnownFileType = sourcecode.cpp.cpp; path = GUI_BasicWidgets.cpp; sourceTree = "<group>"; };
		BF7542701C312F9F005AB54A /* GUI_BasicWidgets.h */ = {isa = PBXFileReference; fileEncoding = 4; lastKnownFileType = sourcecode.c.h; path = GUI_BasicWidgets.h; sourceTree = "<group>"; };
		BF7542711C312F9F005AB54A /* GUI_MainWin.cpp */ = {isa = PBXFileReference; fileEncoding = 4; lastKnownFileType = sourcecode.cpp.cpp; path = GUI_MainWin.cpp; sourceTree = "<group>"; };
		BF7542721C312F9F005AB54A /* GUI_MainWin.h */ = {isa = PBXFileReference; fileEncoding = 4; lastKnownFileType = sourcecode.c.h; path = GUI_MainWin.h; sourceTree = "<group>"; };
		BF7542731C312F9F005AB54A /* GUI_TopWin.cpp */ = {isa = PBXFileReference; fileEncoding = 4; lastKnownFileType = sourcecode.cpp.cpp; path = GUI_TopWin.cpp; sourceTree = "<group>"; };
		BF7542741C312F9F005AB54A /* GUI_TopWin.h */ = {isa = PBXFileReference; fileEncoding = 4; lastKnownFileType = sourcecode.c.h; path = GUI_TopWin.h; sourceTree = "<group>"; };
		BF7542751C312F9F005AB54A /* GUI_utils.cpp */ = {isa = PBXFileReference; fileEncoding = 4; lastKnownFileType = sourcecode.cpp.cpp; path = GUI_utils.cpp; sourceTree = "<group>"; };
		BF7542761C312F9F005AB54A /* GUI_utils.h */ = {isa = PBXFileReference; fileEncoding = 4; lastKnownFileType = sourcecode.c.h; path = GUI_utils.h; sourceTree = "<group>"; };
		BF7542771C312F9F005AB54A /* GUI_WinBase.cpp */ = {isa = PBXFileReference; fileEncoding = 4; lastKnownFileType = sourcecode.cpp.cpp; path = GUI_WinBase.cpp; sourceTree = "<group>"; };
		BF7542781C312F9F005AB54A /* GUI_WinBase.h */ = {isa = PBXFileReference; fileEncoding = 4; lastKnownFileType = sourcecode.c.h; path = GUI_WinBase.h; sourceTree = "<group>"; };
		BF7542791C312F9F005AB54A /* SDL_gui.cpp */ = {isa = PBXFileReference; fileEncoding = 4; lastKnownFileType = sourcecode.cpp.cpp; path = SDL_gui.cpp; sourceTree = "<group>"; };
		BF75427A1C312F9F005AB54A /* SDL_gui.h */ = {isa = PBXFileReference; fileEncoding = 4; lastKnownFileType = sourcecode.c.h; path = SDL_gui.h; sourceTree = "<group>"; };
		BF75427B1C312F9F005AB54A /* xpm.h */ = {isa = PBXFileReference; fileEncoding = 4; lastKnownFileType = sourcecode.c.h; path = xpm.h; sourceTree = "<group>"; };
		BF7542911C312FC7005AB54A /* SDL_image.xcodeproj */ = {isa = PBXFileReference; lastKnownFileType = "wrapper.pb-project"; name = SDL_image.xcodeproj; path = ../../../../SDL_image/Xcode/SDL_image.xcodeproj; sourceTree = "<group>"; };
		BF75429D1C312FD6005AB54A /* SDL_ttf.xcodeproj */ = {isa = PBXFileReference; lastKnownFileType = "wrapper.pb-project"; name = SDL_ttf.xcodeproj; path = ../../../../SDL_ttf/Xcode/SDL_ttf.xcodeproj; sourceTree = "<group>"; };
/* End PBXFileReference section */

/* Begin PBXFrameworksBuildPhase section */
		38E1D2061BCCA90800C25A25 /* Frameworks */ = {
			isa = PBXFrameworksBuildPhase;
			buildActionMask = 2147483647;
			files = (
				38FC07AA1C32585F00FFC1A1 /* SDL2.framework in Frameworks */,
				BF7542B11C312FFF005AB54A /* SDL2_ttf.framework in Frameworks */,
				BF7542B01C312FFB005AB54A /* SDL2_image.framework in Frameworks */,
				38E1D2331BCCA98900C25A25 /* IOKit.framework in Frameworks */,
				38E1D2301BCCA97700C25A25 /* CoreAudio.framework in Frameworks */,
				38E1D2311BCCA97700C25A25 /* CoreFoundation.framework in Frameworks */,
				38E1D22D1BCCA96700C25A25 /* CoreVideo.framework in Frameworks */,
				38E1D22A1BCCA95B00C25A25 /* Carbon.framework in Frameworks */,
				38E1D22B1BCCA95B00C25A25 /* Cocoa.framework in Frameworks */,
				38E1D2271BCCA95000C25A25 /* AudioUnit.framework in Frameworks */,
				38E1D2251BCCA94900C25A25 /* AudioToolbox.framework in Frameworks */,
			);
			runOnlyForDeploymentPostprocessing = 0;
		};
/* End PBXFrameworksBuildPhase section */

/* Begin PBXGroup section */
		38CA5D011BCCD1D00099BC3B /* src */ = {
			isa = PBXGroup;
			children = (
				381BE2751BCE2788004F12EF /* main.cpp */,
			);
			name = src;
			path = ../src;
			sourceTree = "<group>";
		};
		38E1D2001BCCA90700C25A25 = {
			isa = PBXGroup;
			children = (
				BF75426E1C312F9F005AB54A /* SDL_gui */,
				381BE2701BCE26DA004F12EF /* data */,
				38CA5D011BCCD1D00099BC3B /* src */,
				38E1D2341BCCA9A900C25A25 /* Frameworks */,
				38E1D20A1BCCA90800C25A25 /* Products */,
			);
			sourceTree = "<group>";
		};
		38E1D20A1BCCA90800C25A25 /* Products */ = {
			isa = PBXGroup;
			children = (
				38E1D2091BCCA90800C25A25 /* OSX */,
			);
			name = Products;
			sourceTree = "<group>";
		};
		38E1D2341BCCA9A900C25A25 /* Frameworks */ = {
			isa = PBXGroup;
			children = (
				38FC07991C32584400FFC1A1 /* SDL.xcodeproj */,
				BF75429D1C312FD6005AB54A /* SDL_ttf.xcodeproj */,
				BF7542911C312FC7005AB54A /* SDL_image.xcodeproj */,
				38E1D22E1BCCA97700C25A25 /* CoreAudio.framework */,
				38E1D22F1BCCA97700C25A25 /* CoreFoundation.framework */,
				38E1D22C1BCCA96700C25A25 /* CoreVideo.framework */,
				38E1D2281BCCA95B00C25A25 /* Carbon.framework */,
				38E1D2291BCCA95B00C25A25 /* Cocoa.framework */,
				38E1D2261BCCA95000C25A25 /* AudioUnit.framework */,
				38E1D2241BCCA94900C25A25 /* AudioToolbox.framework */,
				38E1D2321BCCA98900C25A25 /* IOKit.framework */,
			);
			name = Frameworks;
			sourceTree = "<group>";
		};
		38FC079A1C32584400FFC1A1 /* Products */ = {
			isa = PBXGroup;
			children = (
				38FC07A11C32584400FFC1A1 /* SDL2.framework */,
				38FC07A31C32584400FFC1A1 /* libSDL2.a */,
				38FC07A51C32584400FFC1A1 /* libSDL2.dylib */,
				38FC07A71C32584400FFC1A1 /* Standard DMG */,
			);
			name = Products;
			sourceTree = "<group>";
		};
		BF75426E1C312F9F005AB54A /* SDL_gui */ = {
			isa = PBXGroup;
			children = (
				BF75426F1C312F9F005AB54A /* GUI_BasicWidgets.cpp */,
				BF7542701C312F9F005AB54A /* GUI_BasicWidgets.h */,
				BF7542711C312F9F005AB54A /* GUI_MainWin.cpp */,
				BF7542721C312F9F005AB54A /* GUI_MainWin.h */,
				BF7542731C312F9F005AB54A /* GUI_TopWin.cpp */,
				BF7542741C312F9F005AB54A /* GUI_TopWin.h */,
				BF7542751C312F9F005AB54A /* GUI_utils.cpp */,
				BF7542761C312F9F005AB54A /* GUI_utils.h */,
				BF7542771C312F9F005AB54A /* GUI_WinBase.cpp */,
				BF7542781C312F9F005AB54A /* GUI_WinBase.h */,
				BF7542791C312F9F005AB54A /* SDL_gui.cpp */,
				BF75427A1C312F9F005AB54A /* SDL_gui.h */,
				BF75427B1C312F9F005AB54A /* xpm.h */,
			);
			name = SDL_gui;
			path = ../../../SDL_gui;
			sourceTree = "<group>";
		};
		BF7542921C312FC7005AB54A /* Products */ = {
			isa = PBXGroup;
			children = (
				BF7542981C312FC7005AB54A /* SDL2_image.framework */,
				BF75429A1C312FC7005AB54A /* libSDL2_image.a */,
				BF75429C1C312FC7005AB54A /* Create DMG */,
			);
			name = Products;
			sourceTree = "<group>";
		};
		BF75429E1C312FD6005AB54A /* Products */ = {
			isa = PBXGroup;
			children = (
				BF7542A41C312FD6005AB54A /* SDL2_ttf.framework */,
				BF7542A61C312FD6005AB54A /* libSDL2_ttf.a */,
				BF7542A81C312FD6005AB54A /* Create DMG */,
			);
			name = Products;
			sourceTree = "<group>";
		};
/* End PBXGroup section */

/* Begin PBXNativeTarget section */
		38E1D2081BCCA90800C25A25 /* OSX */ = {
			isa = PBXNativeTarget;
			buildConfigurationList = 38E1D2101BCCA90800C25A25 /* Build configuration list for PBXNativeTarget "OSX" */;
			buildPhases = (
				38E1D2051BCCA90800C25A25 /* Sources */,
				38E1D2061BCCA90800C25A25 /* Frameworks */,
				38E1D2071BCCA90800C25A25 /* CopyFiles */,
			);
			buildRules = (
			);
			dependencies = (
				38FC07A91C32585500FFC1A1 /* PBXTargetDependency */,
				BF7542AC1C312FE9005AB54A /* PBXTargetDependency */,
				BF7542AA1C312FE5005AB54A /* PBXTargetDependency */,
			);
			name = OSX;
			productName = OSX;
			productReference = 38E1D2091BCCA90800C25A25 /* OSX */;
			productType = "com.apple.product-type.tool";
		};
/* End PBXNativeTarget section */

/* Begin PBXProject section */
		38E1D2011BCCA90700C25A25 /* Project object */ = {
			isa = PBXProject;
			attributes = {
				LastUpgradeCheck = 0700;
				ORGANIZATIONNAME = "Jimmy Software Co.,Ltd.";
				TargetAttributes = {
					38E1D2081BCCA90800C25A25 = {
						CreatedOnToolsVersion = 7.0.1;
					};
				};
			};
			buildConfigurationList = 38E1D2041BCCA90700C25A25 /* Build configuration list for PBXProject "OSX" */;
			compatibilityVersion = "Xcode 3.2";
			developmentRegion = English;
			hasScannedForEncodings = 0;
			knownRegions = (
				en,
				English,
			);
			mainGroup = 38E1D2001BCCA90700C25A25;
			productRefGroup = 38E1D20A1BCCA90800C25A25 /* Products */;
			projectDirPath = "";
			projectReferences = (
				{
					ProductGroup = 38FC079A1C32584400FFC1A1 /* Products */;
					ProjectRef = 38FC07991C32584400FFC1A1 /* SDL.xcodeproj */;
				},
				{
					ProductGroup = BF7542921C312FC7005AB54A /* Products */;
					ProjectRef = BF7542911C312FC7005AB54A /* SDL_image.xcodeproj */;
				},
				{
					ProductGroup = BF75429E1C312FD6005AB54A /* Products */;
					ProjectRef = BF75429D1C312FD6005AB54A /* SDL_ttf.xcodeproj */;
				},
			);
			projectRoot = "";
			targets = (
				38E1D2081BCCA90800C25A25 /* OSX */,
			);
		};
/* End PBXProject section */

/* Begin PBXReferenceProxy section */
		38FC07A11C32584400FFC1A1 /* SDL2.framework */ = {
			isa = PBXReferenceProxy;
			fileType = wrapper.framework;
			path = SDL2.framework;
			remoteRef = 38FC07A01C32584400FFC1A1 /* PBXContainerItemProxy */;
			sourceTree = BUILT_PRODUCTS_DIR;
		};
		38FC07A31C32584400FFC1A1 /* libSDL2.a */ = {
			isa = PBXReferenceProxy;
			fileType = archive.ar;
			path = libSDL2.a;
			remoteRef = 38FC07A21C32584400FFC1A1 /* PBXContainerItemProxy */;
			sourceTree = BUILT_PRODUCTS_DIR;
		};
		38FC07A51C32584400FFC1A1 /* libSDL2.dylib */ = {
			isa = PBXReferenceProxy;
			fileType = "compiled.mach-o.dylib";
			path = libSDL2.dylib;
			remoteRef = 38FC07A41C32584400FFC1A1 /* PBXContainerItemProxy */;
			sourceTree = BUILT_PRODUCTS_DIR;
		};
		38FC07A71C32584400FFC1A1 /* Standard DMG */ = {
			isa = PBXReferenceProxy;
			fileType = "compiled.mach-o.executable";
			path = "Standard DMG";
			remoteRef = 38FC07A61C32584400FFC1A1 /* PBXContainerItemProxy */;
			sourceTree = BUILT_PRODUCTS_DIR;
		};
		BF7542981C312FC7005AB54A /* SDL2_image.framework */ = {
			isa = PBXReferenceProxy;
			fileType = wrapper.framework;
			path = SDL2_image.framework;
			remoteRef = BF7542971C312FC7005AB54A /* PBXContainerItemProxy */;
			sourceTree = BUILT_PRODUCTS_DIR;
		};
		BF75429A1C312FC7005AB54A /* libSDL2_image.a */ = {
			isa = PBXReferenceProxy;
			fileType = archive.ar;
			path = libSDL2_image.a;
			remoteRef = BF7542991C312FC7005AB54A /* PBXContainerItemProxy */;
			sourceTree = BUILT_PRODUCTS_DIR;
		};
		BF75429C1C312FC7005AB54A /* Create DMG */ = {
			isa = PBXReferenceProxy;
			fileType = "compiled.mach-o.executable";
			path = "Create DMG";
			remoteRef = BF75429B1C312FC7005AB54A /* PBXContainerItemProxy */;
			sourceTree = BUILT_PRODUCTS_DIR;
		};
		BF7542A41C312FD6005AB54A /* SDL2_ttf.framework */ = {
			isa = PBXReferenceProxy;
			fileType = wrapper.framework;
			path = SDL2_ttf.framework;
			remoteRef = BF7542A31C312FD6005AB54A /* PBXContainerItemProxy */;
			sourceTree = BUILT_PRODUCTS_DIR;
		};
		BF7542A61C312FD6005AB54A /* libSDL2_ttf.a */ = {
			isa = PBXReferenceProxy;
			fileType = archive.ar;
			path = libSDL2_ttf.a;
			remoteRef = BF7542A51C312FD6005AB54A /* PBXContainerItemProxy */;
			sourceTree = BUILT_PRODUCTS_DIR;
		};
		BF7542A81C312FD6005AB54A /* Create DMG */ = {
			isa = PBXReferenceProxy;
			fileType = "compiled.mach-o.executable";
			path = "Create DMG";
			remoteRef = BF7542A71C312FD6005AB54A /* PBXContainerItemProxy */;
			sourceTree = BUILT_PRODUCTS_DIR;
		};
/* End PBXReferenceProxy section */

/* Begin PBXSourcesBuildPhase section */
		38E1D2051BCCA90800C25A25 /* Sources */ = {
			isa = PBXSourcesBuildPhase;
			buildActionMask = 2147483647;
			files = (
				BF75427E1C312F9F005AB54A /* GUI_TopWin.cpp in Sources */,
				BF75427C1C312F9F005AB54A /* GUI_BasicWidgets.cpp in Sources */,
				BF75427F1C312F9F005AB54A /* GUI_utils.cpp in Sources */,
				BF7542801C312F9F005AB54A /* GUI_WinBase.cpp in Sources */,
				BF75427D1C312F9F005AB54A /* GUI_MainWin.cpp in Sources */,
				BF7542811C312F9F005AB54A /* SDL_gui.cpp in Sources */,
				381BE2761BCE2788004F12EF /* main.cpp in Sources */,
			);
			runOnlyForDeploymentPostprocessing = 0;
		};
/* End PBXSourcesBuildPhase section */

/* Begin PBXTargetDependency section */
		38FC07A91C32585500FFC1A1 /* PBXTargetDependency */ = {
			isa = PBXTargetDependency;
			name = Framework;
			targetProxy = 38FC07A81C32585500FFC1A1 /* PBXContainerItemProxy */;
		};
		BF7542AA1C312FE5005AB54A /* PBXTargetDependency */ = {
			isa = PBXTargetDependency;
			name = Framework;
			targetProxy = BF7542A91C312FE5005AB54A /* PBXContainerItemProxy */;
		};
		BF7542AC1C312FE9005AB54A /* PBXTargetDependency */ = {
			isa = PBXTargetDependency;
			name = Framework;
			targetProxy = BF7542AB1C312FE9005AB54A /* PBXContainerItemProxy */;
		};
/* End PBXTargetDependency section */

/* Begin XCBuildConfiguration section */
		38E1D20E1BCCA90800C25A25 /* Debug */ = {
			isa = XCBuildConfiguration;
			buildSettings = {
				ALWAYS_SEARCH_USER_PATHS = NO;
				CLANG_CXX_LANGUAGE_STANDARD = "gnu++0x";
				CLANG_CXX_LIBRARY = "libc++";
				CLANG_ENABLE_MODULES = YES;
				CLANG_ENABLE_OBJC_ARC = YES;
				CLANG_WARN_BOOL_CONVERSION = YES;
				CLANG_WARN_CONSTANT_CONVERSION = YES;
				CLANG_WARN_DIRECT_OBJC_ISA_USAGE = YES_ERROR;
				CLANG_WARN_EMPTY_BODY = YES;
				CLANG_WARN_ENUM_CONVERSION = YES;
				CLANG_WARN_INT_CONVERSION = YES;
				CLANG_WARN_OBJC_ROOT_CLASS = YES_ERROR;
				CLANG_WARN_UNREACHABLE_CODE = YES;
				CLANG_WARN__DUPLICATE_METHOD_MATCH = YES;
				COPY_PHASE_STRIP = NO;
				DEBUG_INFORMATION_FORMAT = dwarf;
				ENABLE_STRICT_OBJC_MSGSEND = YES;
				ENABLE_TESTABILITY = YES;
				GCC_C_LANGUAGE_STANDARD = gnu99;
				GCC_DYNAMIC_NO_PIC = NO;
				GCC_NO_COMMON_BLOCKS = YES;
				GCC_OPTIMIZATION_LEVEL = 0;
				GCC_PREPROCESSOR_DEFINITIONS = (
					"DEBUG=1",
					"$(inherited)",
				);
				GCC_WARN_64_TO_32_BIT_CONVERSION = YES;
				GCC_WARN_ABOUT_RETURN_TYPE = YES_ERROR;
				GCC_WARN_UNDECLARED_SELECTOR = YES;
				GCC_WARN_UNINITIALIZED_AUTOS = YES_AGGRESSIVE;
				GCC_WARN_UNUSED_FUNCTION = YES;
				GCC_WARN_UNUSED_VARIABLE = YES;
				MACOSX_DEPLOYMENT_TARGET = 10.10;
				MTL_ENABLE_DEBUG_INFO = YES;
				ONLY_ACTIVE_ARCH = YES;
				SDKROOT = macosx;
			};
			name = Debug;
		};
		38E1D20F1BCCA90800C25A25 /* Release */ = {
			isa = XCBuildConfiguration;
			buildSettings = {
				ALWAYS_SEARCH_USER_PATHS = NO;
				CLANG_CXX_LANGUAGE_STANDARD = "gnu++0x";
				CLANG_CXX_LIBRARY = "libc++";
				CLANG_ENABLE_MODULES = YES;
				CLANG_ENABLE_OBJC_ARC = YES;
				CLANG_WARN_BOOL_CONVERSION = YES;
				CLANG_WARN_CONSTANT_CONVERSION = YES;
				CLANG_WARN_DIRECT_OBJC_ISA_USAGE = YES_ERROR;
				CLANG_WARN_EMPTY_BODY = YES;
				CLANG_WARN_ENUM_CONVERSION = YES;
				CLANG_WARN_INT_CONVERSION = YES;
				CLANG_WARN_OBJC_ROOT_CLASS = YES_ERROR;
				CLANG_WARN_UNREACHABLE_CODE = YES;
				CLANG_WARN__DUPLICATE_METHOD_MATCH = YES;
				COPY_PHASE_STRIP = NO;
				DEBUG_INFORMATION_FORMAT = "dwarf-with-dsym";
				ENABLE_NS_ASSERTIONS = NO;
				ENABLE_STRICT_OBJC_MSGSEND = YES;
				GCC_C_LANGUAGE_STANDARD = gnu99;
				GCC_NO_COMMON_BLOCKS = YES;
				GCC_WARN_64_TO_32_BIT_CONVERSION = YES;
				GCC_WARN_ABOUT_RETURN_TYPE = YES_ERROR;
				GCC_WARN_UNDECLARED_SELECTOR = YES;
				GCC_WARN_UNINITIALIZED_AUTOS = YES_AGGRESSIVE;
				GCC_WARN_UNUSED_FUNCTION = YES;
				GCC_WARN_UNUSED_VARIABLE = YES;
				MACOSX_DEPLOYMENT_TARGET = 10.10;
				MTL_ENABLE_DEBUG_INFO = NO;
				SDKROOT = macosx;
			};
			name = Release;
		};
		38E1D2111BCCA90800C25A25 /* Debug */ = {
			isa = XCBuildConfiguration;
			buildSettings = {
				ALWAYS_SEARCH_USER_PATHS = NO;
				ENABLE_TESTABILITY = NO;
				HEADER_SEARCH_PATHS = (
					"$(SDL_TTF_ROOT)",
					"$(SDL_ROOT)/include",
					"$(SDL_IMAGE_ROOT)",
				);
				PRODUCT_NAME = "$(TARGET_NAME)";
			};
			name = Debug;
		};
		38E1D2121BCCA90800C25A25 /* Release */ = {
			isa = XCBuildConfiguration;
			buildSettings = {
				ALWAYS_SEARCH_USER_PATHS = NO;
				HEADER_SEARCH_PATHS = (
					"$(SDL_TTF_ROOT)",
					"$(SDL_ROOT)/include",
					"$(SDL_IMAGE_ROOT)",
				);
				PRODUCT_NAME = "$(TARGET_NAME)";
			};
			name = Release;
		};
/* End XCBuildConfiguration section */

/* Begin XCConfigurationList section */
		38E1D2041BCCA90700C25A25 /* Build configuration list for PBXProject "OSX" */ = {
			isa = XCConfigurationList;
			buildConfigurations = (
				38E1D20E1BCCA90800C25A25 /* Debug */,
				38E1D20F1BCCA90800C25A25 /* Release */,
			);
			defaultConfigurationIsVisible = 0;
			defaultConfigurationName = Release;
		};
		38E1D2101BCCA90800C25A25 /* Build configuration list for PBXNativeTarget "OSX" */ = {
			isa = XCConfigurationList;
			buildConfigurations = (
				38E1D2111BCCA90800C25A25 /* Debug */,
				38E1D2121BCCA90800C25A25 /* Release */,
			);
			defaultConfigurationIsVisible = 0;
			defaultConfigurationName = Release;
		};
/* End XCConfigurationList section */
	};
	rootObject = 38E1D2011BCCA90700C25A25 /* Project object */;
}
